
Microsoft Visual Studio Solution File, Format Version 12.00
# Visual Studio Version 17
VisualStudioVersion = 17.0.31612.314
MinimumVisualStudioVersion = 10.0.40219.1
Project("{FAE04EC0-301F-11D3-BF4B-00C04F79EFBC}") = "Book Store", "Book Store\Book Store.csproj", "{093BEF6E-3D9E-404D-9B1C-0ECA2A492592}"
EndProject
Global
	GlobalSection(SolutionConfigurationPlatforms) = preSolution
		Debug|Any CPU = Debug|Any CPU
		Release|Any CPU = Release|Any CPU
	EndGlobalSection
	GlobalSection(ProjectConfigurationPlatforms) = postSolution
		{093BEF6E-3D9E-404D-9B1C-0ECA2A492592}.Debug|Any CPU.ActiveCfg = Debug|Any CPU
		{093BEF6E-3D9E-404D-9B1C-0ECA2A492592}.Debug|Any CPU.Build.0 = Debug|Any CPU
		{093BEF6E-3D9E-404D-9B1C-0ECA2A492592}.Release|Any CPU.ActiveCfg = Release|Any CPU
		{093BEF6E-3D9E-404D-9B1C-0ECA2A492592}.Release|Any CPU.Build.0 = Release|Any CPU
	EndGlobalSection
	GlobalSection(SolutionProperties) = preSolution
		HideSolutionNode = FALSE
	EndGlobalSection
	GlobalSection(ExtensibilityGlobals) = postSolution
		SolutionGuid = {B353B471-9214-4D35-8A77-840C790F99C8}
	EndGlobalSection
EndGlobal
