
Microsoft Visual Studio Solution File, Format Version 12.00
# Visual Studio Version 17
VisualStudioVersion = 17.0.31612.314
MinimumVisualStudioVersion = 10.0.40219.1
Project("{FAE04EC0-301F-11D3-BF4B-00C04F79EFBC}") = "Book Store (Admin)", "Book Store (Admin)\Book Store (Admin).csproj", "{87A810A4-BF80-467C-B07B-71583BDC33AB}"
EndProject
Global
	GlobalSection(SolutionConfigurationPlatforms) = preSolution
		Debug|Any CPU = Debug|Any CPU
		Release|Any CPU = Release|Any CPU
	EndGlobalSection
	GlobalSection(ProjectConfigurationPlatforms) = postSolution
		{87A810A4-BF80-467C-B07B-71583BDC33AB}.Debug|Any CPU.ActiveCfg = Debug|Any CPU
		{87A810A4-BF80-467C-B07B-71583BDC33AB}.Debug|Any CPU.Build.0 = Debug|Any CPU
		{87A810A4-BF80-467C-B07B-71583BDC33AB}.Release|Any CPU.ActiveCfg = Release|Any CPU
		{87A810A4-BF80-467C-B07B-71583BDC33AB}.Release|Any CPU.Build.0 = Release|Any CPU
	EndGlobalSection
	GlobalSection(SolutionProperties) = preSolution
		HideSolutionNode = FALSE
	EndGlobalSection
	GlobalSection(ExtensibilityGlobals) = postSolution
		SolutionGuid = {D21B935C-FD31-40DE-BDAD-363494C8B679}
	EndGlobalSection
EndGlobal
